PODS:
  - AppController (0.7.2)
  - MFTAdaptiveTabBarController (1.0.0):
    - AppController

DEPENDENCIES:
  - MFTAdaptiveTabBarController (from `../`)

SPEC REPOS:
  trunk:
    - AppController

EXTERNAL SOURCES:
  MFTAdaptiveTabBarController:
    :path: "../"

SPEC CHECKSUMS:
  AppController: 90974bfc961dba65c73fb675e1a57cc31c2a903d
  MFTAdaptiveTabBarController: 99ec36dc72f44934a7534d27124c60e860cb7265

PODFILE CHECKSUM: f36dbdffb231ba55c8e01596e86e6af8f8aad697

COCOAPODS: 1.8.3
