PODS:
  - AdaptiveTabBarController (3.0.0)

DEPENDENCIES:
  - AdaptiveTabBarController (from `../`)

EXTERNAL SOURCES:
  AdaptiveTabBarController:
    :path: "../"

SPEC CHECKSUMS:
  AdaptiveTabBarController: a2637a7b39b7c07ae15338a1cad852d4efe33d3a

PODFILE CHECKSUM: 0e1423d4a6419e9203964844312dd48738f1720a

COCOAPODS: 1.14.3
